
Microsoft Visual Studio Solution File, Format Version 12.00
# Visual Studio 15
VisualStudioVersion = 15.0.28307.705
MinimumVisualStudioVersion = 10.0.40219.1
Project("{FAE04EC0-301F-11D3-BF4B-00C04F79EFBC}") = "COMP123-S2019-Lesson13B-Part1", "COMP123-S2019-Lesson13B-Part1\COMP123-S2019-Lesson13B-Part1.csproj", "{DEBE160F-78ED-4D50-BFAD-45DC10059441}"
EndProject
Project("{FAE04EC0-301F-11D3-BF4B-00C04F79EFBC}") = "COMP123-S2019-Lesson13B-Part2", "COMP123-S2019-Lesson13B-Part2\COMP123-S2019-Lesson13B-Part2.csproj", "{246D6E54-F741-47E6-8F84-A25F59DDE5A7}"
EndProject
Project("{FAE04EC0-301F-11D3-BF4B-00C04F79EFBC}") = "COMP123-S2019-Lesson13B-Part3", "COMP123-S2019-Lesson13B-Part3\COMP123-S2019-Lesson13B-Part3.csproj", "{6BD5020E-D1E2-4918-AA9E-4D4AF06C2435}"
EndProject
Global
	GlobalSection(SolutionConfigurationPlatforms) = preSolution
		Debug|Any CPU = Debug|Any CPU
		Release|Any CPU = Release|Any CPU
	EndGlobalSection
	GlobalSection(ProjectConfigurationPlatforms) = postSolution
		{DEBE160F-78ED-4D50-BFAD-45DC10059441}.Debug|Any CPU.ActiveCfg = Debug|Any CPU
		{DEBE160F-78ED-4D50-BFAD-45DC10059441}.Debug|Any CPU.Build.0 = Debug|Any CPU
		{DEBE160F-78ED-4D50-BFAD-45DC10059441}.Release|Any CPU.ActiveCfg = Release|Any CPU
		{DEBE160F-78ED-4D50-BFAD-45DC10059441}.Release|Any CPU.Build.0 = Release|Any CPU
		{246D6E54-F741-47E6-8F84-A25F59DDE5A7}.Debug|Any CPU.ActiveCfg = Debug|Any CPU
		{246D6E54-F741-47E6-8F84-A25F59DDE5A7}.Debug|Any CPU.Build.0 = Debug|Any CPU
		{246D6E54-F741-47E6-8F84-A25F59DDE5A7}.Release|Any CPU.ActiveCfg = Release|Any CPU
		{246D6E54-F741-47E6-8F84-A25F59DDE5A7}.Release|Any CPU.Build.0 = Release|Any CPU
		{6BD5020E-D1E2-4918-AA9E-4D4AF06C2435}.Debug|Any CPU.ActiveCfg = Debug|Any CPU
		{6BD5020E-D1E2-4918-AA9E-4D4AF06C2435}.Debug|Any CPU.Build.0 = Debug|Any CPU
		{6BD5020E-D1E2-4918-AA9E-4D4AF06C2435}.Release|Any CPU.ActiveCfg = Release|Any CPU
		{6BD5020E-D1E2-4918-AA9E-4D4AF06C2435}.Release|Any CPU.Build.0 = Release|Any CPU
	EndGlobalSection
	GlobalSection(SolutionProperties) = preSolution
		HideSolutionNode = FALSE
	EndGlobalSection
	GlobalSection(ExtensibilityGlobals) = postSolution
		SolutionGuid = {F9CF7F89-48F3-41F6-A37F-639B94CA20CA}
	EndGlobalSection
EndGlobal
